
Microsoft Visual Studio Solution File, Format Version 12.00
# Visual Studio Version 17
VisualStudioVersion = 17.0.32002.185
MinimumVisualStudioVersion = 10.0.40219.1
Project("{9A19103F-16F7-4668-BE54-9A1E7A4F7556}") = "Shoot 'em", "Shoot 'em.csproj", "{E81A2556-189D-4739-8BAA-5B5F47966E5F}"
EndProject
Global
	GlobalSection(SolutionConfigurationPlatforms) = preSolution
		Debug|Any CPU = Debug|Any CPU
		ExportDebug|Any CPU = ExportDebug|Any CPU
		ExportRelease|Any CPU = ExportRelease|Any CPU
	EndGlobalSection
	GlobalSection(ProjectConfigurationPlatforms) = postSolution
		{E81A2556-189D-4739-8BAA-5B5F47966E5F}.Debug|Any CPU.ActiveCfg = Debug|Any CPU
		{E81A2556-189D-4739-8BAA-5B5F47966E5F}.Debug|Any CPU.Build.0 = Debug|Any CPU
		{E81A2556-189D-4739-8BAA-5B5F47966E5F}.ExportDebug|Any CPU.ActiveCfg = ExportDebug|Any CPU
		{E81A2556-189D-4739-8BAA-5B5F47966E5F}.ExportDebug|Any CPU.Build.0 = ExportDebug|Any CPU
		{E81A2556-189D-4739-8BAA-5B5F47966E5F}.ExportRelease|Any CPU.ActiveCfg = ExportRelease|Any CPU
		{E81A2556-189D-4739-8BAA-5B5F47966E5F}.ExportRelease|Any CPU.Build.0 = ExportRelease|Any CPU
	EndGlobalSection
	GlobalSection(SolutionProperties) = preSolution
		HideSolutionNode = FALSE
	EndGlobalSection
	GlobalSection(ExtensibilityGlobals) = postSolution
		SolutionGuid = {1644C8A0-A23A-4537-8023-82CD8D79F920}
	EndGlobalSection
EndGlobal
